
Microsoft Visual Studio Solution File, Format Version 12.00
# Visual Studio 2013
VisualStudioVersion = 12.0.40629.0
MinimumVisualStudioVersion = 10.0.40219.1
Project("{FAE04EC0-301F-11D3-BF4B-00C04F79EFBC}") = "tourisme", "tourisme\tourisme.csproj", "{759D68FD-5208-415D-869C-7B39C3B73226}"
EndProject
Global
	GlobalSection(SolutionConfigurationPlatforms) = preSolution
		Debug|Any CPU = Debug|Any CPU
		Release|Any CPU = Release|Any CPU
	EndGlobalSection
	GlobalSection(ProjectConfigurationPlatforms) = postSolution
		{759D68FD-5208-415D-869C-7B39C3B73226}.Debug|Any CPU.ActiveCfg = Debug|Any CPU
		{759D68FD-5208-415D-869C-7B39C3B73226}.Debug|Any CPU.Build.0 = Debug|Any CPU
		{759D68FD-5208-415D-869C-7B39C3B73226}.Release|Any CPU.ActiveCfg = Release|Any CPU
		{759D68FD-5208-415D-869C-7B39C3B73226}.Release|Any CPU.Build.0 = Release|Any CPU
	EndGlobalSection
	GlobalSection(SolutionProperties) = preSolution
		HideSolutionNode = FALSE
	EndGlobalSection
EndGlobal
